
Microsoft Visual Studio Solution File, Format Version 12.00
# Visual Studio Version 17
VisualStudioVersion = 17.0.32112.339
MinimumVisualStudioVersion = 10.0.40219.1
Project("{FAE04EC0-301F-11D3-BF4B-00C04F79EFBC}") = "BELL-LAPADULA MODEL", "BELL-LAPADULA MODEL\BELL-LAPADULA MODEL.csproj", "{FA4CDD8B-CE4C-4F09-AB1A-442F870C488E}"
EndProject
Global
	GlobalSection(SolutionConfigurationPlatforms) = preSolution
		Debug|Any CPU = Debug|Any CPU
		Release|Any CPU = Release|Any CPU
	EndGlobalSection
	GlobalSection(ProjectConfigurationPlatforms) = postSolution
		{FA4CDD8B-CE4C-4F09-AB1A-442F870C488E}.Debug|Any CPU.ActiveCfg = Debug|Any CPU
		{FA4CDD8B-CE4C-4F09-AB1A-442F870C488E}.Debug|Any CPU.Build.0 = Debug|Any CPU
		{FA4CDD8B-CE4C-4F09-AB1A-442F870C488E}.Release|Any CPU.ActiveCfg = Release|Any CPU
		{FA4CDD8B-CE4C-4F09-AB1A-442F870C488E}.Release|Any CPU.Build.0 = Release|Any CPU
	EndGlobalSection
	GlobalSection(SolutionProperties) = preSolution
		HideSolutionNode = FALSE
	EndGlobalSection
	GlobalSection(ExtensibilityGlobals) = postSolution
		SolutionGuid = {42EF28C6-233D-4E0B-9370-D614BB8384DD}
	EndGlobalSection
EndGlobal
